
Microsoft Visual Studio Solution File, Format Version 12.00
# Visual Studio Version 17
VisualStudioVersion = 17.0.31903.59
MinimumVisualStudioVersion = 10.0.40219.1
Project("{2150E333-8FDC-42A3-9474-1A3956D46DE8}") = "src", "src", "{827E0CD3-B72D-47B6-A68D-7590B98EB39B}"
EndProject
Project("{FAE04EC0-301F-11D3-BF4B-00C04F79EFBC}") = "Aria2Fast.Web", "src\Aria2Fast.Web\Aria2Fast.Web.csproj", "{D6FEE32F-F7D7-4AA4-8417-4FCE409FCE8C}"
EndProject
Project("{2150E333-8FDC-42A3-9474-1A3956D46DE8}") = "tests", "tests", "{0AB3BF05-4346-4AA6-1389-037BE0695223}"
EndProject
Project("{FAE04EC0-301F-11D3-BF4B-00C04F79EFBC}") = "Aria2Fast.Web.Tests", "tests\Aria2Fast.Web.Tests\Aria2Fast.Web.Tests.csproj", "{6B587D06-A47A-4596-BCBA-EEDF81BF5D05}"
EndProject
Global
	GlobalSection(SolutionConfigurationPlatforms) = preSolution
		Debug|Any CPU = Debug|Any CPU
		Debug|x64 = Debug|x64
		Debug|x86 = Debug|x86
		Release|Any CPU = Release|Any CPU
		Release|x64 = Release|x64
		Release|x86 = Release|x86
	EndGlobalSection
	GlobalSection(ProjectConfigurationPlatforms) = postSolution
		{D6FEE32F-F7D7-4AA4-8417-4FCE409FCE8C}.Debug|Any CPU.ActiveCfg = Debug|Any CPU
		{D6FEE32F-F7D7-4AA4-8417-4FCE409FCE8C}.Debug|Any CPU.Build.0 = Debug|Any CPU
		{D6FEE32F-F7D7-4AA4-8417-4FCE409FCE8C}.Debug|x64.ActiveCfg = Debug|Any CPU
		{D6FEE32F-F7D7-4AA4-8417-4FCE409FCE8C}.Debug|x64.Build.0 = Debug|Any CPU
		{D6FEE32F-F7D7-4AA4-8417-4FCE409FCE8C}.Debug|x86.ActiveCfg = Debug|Any CPU
		{D6FEE32F-F7D7-4AA4-8417-4FCE409FCE8C}.Debug|x86.Build.0 = Debug|Any CPU
		{D6FEE32F-F7D7-4AA4-8417-4FCE409FCE8C}.Release|Any CPU.ActiveCfg = Release|Any CPU
		{D6FEE32F-F7D7-4AA4-8417-4FCE409FCE8C}.Release|Any CPU.Build.0 = Release|Any CPU
		{D6FEE32F-F7D7-4AA4-8417-4FCE409FCE8C}.Release|x64.ActiveCfg = Release|Any CPU
		{D6FEE32F-F7D7-4AA4-8417-4FCE409FCE8C}.Release|x64.Build.0 = Release|Any CPU
		{D6FEE32F-F7D7-4AA4-8417-4FCE409FCE8C}.Release|x86.ActiveCfg = Release|Any CPU
		{D6FEE32F-F7D7-4AA4-8417-4FCE409FCE8C}.Release|x86.Build.0 = Release|Any CPU
		{6B587D06-A47A-4596-BCBA-EEDF81BF5D05}.Debug|Any CPU.ActiveCfg = Debug|Any CPU
		{6B587D06-A47A-4596-BCBA-EEDF81BF5D05}.Debug|Any CPU.Build.0 = Debug|Any CPU
		{6B587D06-A47A-4596-BCBA-EEDF81BF5D05}.Debug|x64.ActiveCfg = Debug|Any CPU
		{6B587D06-A47A-4596-BCBA-EEDF81BF5D05}.Debug|x64.Build.0 = Debug|Any CPU
		{6B587D06-A47A-4596-BCBA-EEDF81BF5D05}.Debug|x86.ActiveCfg = Debug|Any CPU
		{6B587D06-A47A-4596-BCBA-EEDF81BF5D05}.Debug|x86.Build.0 = Debug|Any CPU
		{6B587D06-A47A-4596-BCBA-EEDF81BF5D05}.Release|Any CPU.ActiveCfg = Release|Any CPU
		{6B587D06-A47A-4596-BCBA-EEDF81BF5D05}.Release|Any CPU.Build.0 = Release|Any CPU
		{6B587D06-A47A-4596-BCBA-EEDF81BF5D05}.Release|x64.ActiveCfg = Release|Any CPU
		{6B587D06-A47A-4596-BCBA-EEDF81BF5D05}.Release|x64.Build.0 = Release|Any CPU
		{6B587D06-A47A-4596-BCBA-EEDF81BF5D05}.Release|x86.ActiveCfg = Release|Any CPU
		{6B587D06-A47A-4596-BCBA-EEDF81BF5D05}.Release|x86.Build.0 = Release|Any CPU
	EndGlobalSection
	GlobalSection(SolutionProperties) = preSolution
		HideSolutionNode = FALSE
	EndGlobalSection
	GlobalSection(NestedProjects) = preSolution
		{D6FEE32F-F7D7-4AA4-8417-4FCE409FCE8C} = {827E0CD3-B72D-47B6-A68D-7590B98EB39B}
		{6B587D06-A47A-4596-BCBA-EEDF81BF5D05} = {0AB3BF05-4346-4AA6-1389-037BE0695223}
	EndGlobalSection
EndGlobal
